// !$*UTF8*$!
{
	archiveVersion = 1;
	classes = {
	};
	objectVersion = 55;
	objects = {

/* Begin PBXBuildFile section */
		242F6C9527BB8BA800B28743 /* AppDelegate.swift in Sources */ = {isa = PBXBuildFile; fileRef = 242F6C9427BB8BA800B28743 /* AppDelegate.swift */; };
		242F6C9727BB8BA800B28743 /* SceneDelegate.swift in Sources */ = {isa = PBXBuildFile; fileRef = 242F6C9627BB8BA800B28743 /* SceneDelegate.swift */; };
		242F6C9927BB8BA800B28743 /* ViewController.swift in Sources */ = {isa = PBXBuildFile; fileRef = 242F6C9827BB8BA800B28743 /* ViewController.swift */; };
		242F6C9C27BB8BA800B28743 /* Main.storyboard in Resources */ = {isa = PBXBuildFile; fileRef = 242F6C9A27BB8BA800B28743 /* Main.storyboard */; };
		242F6C9E27BB8BAA00B28743 /* Assets.xcassets in Resources */ = {isa = PBXBuildFile; fileRef = 242F6C9D27BB8BAA00B28743 /* Assets.xcassets */; };
		242F6CA127BB8BAA00B28743 /* LaunchScreen.storyboard in Resources */ = {isa = PBXBuildFile; fileRef = 242F6C9F27BB8BAA00B28743 /* LaunchScreen.storyboard */; };
		242F6CA927BB922700B28743 /* DiaryCell.swift in Sources */ = {isa = PBXBuildFile; fileRef = 242F6CA827BB922700B28743 /* DiaryCell.swift */; };
		242F6CAB27BB925E00B28743 /* StarViewController.swift in Sources */ = {isa = PBXBuildFile; fileRef = 242F6CAA27BB925E00B28743 /* StarViewController.swift */; };
		242F6CAD27BB934F00B28743 /* StarCell.swift in Sources */ = {isa = PBXBuildFile; fileRef = 242F6CAC27BB934F00B28743 /* StarCell.swift */; };
		242F6CAF27BB948F00B28743 /* WriteDiaryViewController.swift in Sources */ = {isa = PBXBuildFile; fileRef = 242F6CAE27BB948F00B28743 /* WriteDiaryViewController.swift */; };
		242F6CB127BB94CF00B28743 /* DiaryDetailViewController.swift in Sources */ = {isa = PBXBuildFile; fileRef = 242F6CB027BB94CF00B28743 /* DiaryDetailViewController.swift */; };
		24E26FC027BC73C400A03248 /* Diary.swift in Sources */ = {isa = PBXBuildFile; fileRef = 24E26FBF27BC73C400A03248 /* Diary.swift */; };
		24E26FC227BC94A600A03248 /* Date+Extension.swift in Sources */ = {isa = PBXBuildFile; fileRef = 24E26FC127BC94A600A03248 /* Date+Extension.swift */; };
/* End PBXBuildFile section */

/* Begin PBXFileReference section */
		242F6C9127BB8BA800B28743 /* Diary.app */ = {isa = PBXFileReference; explicitFileType = wrapper.application; includeInIndex = 0; path = Diary.app; sourceTree = BUILT_PRODUCTS_DIR; };
		242F6C9427BB8BA800B28743 /* AppDelegate.swift */ = {isa = PBXFileReference; lastKnownFileType = sourcecode.swift; path = AppDelegate.swift; sourceTree = "<group>"; };
		242F6C9627BB8BA800B28743 /* SceneDelegate.swift */ = {isa = PBXFileReference; lastKnownFileType = sourcecode.swift; path = SceneDelegate.swift; sourceTree = "<group>"; };
		242F6C9827BB8BA800B28743 /* ViewController.swift */ = {isa = PBXFileReference; lastKnownFileType = sourcecode.swift; path = ViewController.swift; sourceTree = "<group>"; };
		242F6C9B27BB8BA800B28743 /* Base */ = {isa = PBXFileReference; lastKnownFileType = file.storyboard; name = Base; path = Base.lproj/Main.storyboard; sourceTree = "<group>"; };
		242F6C9D27BB8BAA00B28743 /* Assets.xcassets */ = {isa = PBXFileReference; lastKnownFileType = folder.assetcatalog; path = Assets.xcassets; sourceTree = "<group>"; };
		242F6CA027BB8BAA00B28743 /* Base */ = {isa = PBXFileReference; lastKnownFileType = file.storyboard; name = Base; path = Base.lproj/LaunchScreen.storyboard; sourceTree = "<group>"; };
		242F6CA227BB8BAA00B28743 /* Info.plist */ = {isa = PBXFileReference; lastKnownFileType = text.plist.xml; path = Info.plist; sourceTree = "<group>"; };
		242F6CA827BB922700B28743 /* DiaryCell.swift */ = {isa = PBXFileReference; lastKnownFileType = sourcecode.swift; path = DiaryCell.swift; sourceTree = "<group>"; };
		242F6CAA27BB925E00B28743 /* StarViewController.swift */ = {isa = PBXFileReference; lastKnownFileType = sourcecode.swift; path = StarViewController.swift; sourceTree = "<group>"; };
		242F6CAC27BB934F00B28743 /* StarCell.swift */ = {isa = PBXFileReference; lastKnownFileType = sourcecode.swift; path = StarCell.swift; sourceTree = "<group>"; };
		242F6CAE27BB948F00B28743 /* WriteDiaryViewController.swift */ = {isa = PBXFileReference; lastKnownFileType = sourcecode.swift; path = WriteDiaryViewController.swift; sourceTree = "<group>"; };
		242F6CB027BB94CF00B28743 /* DiaryDetailViewController.swift */ = {isa = PBXFileReference; lastKnownFileType = sourcecode.swift; path = DiaryDetailViewController.swift; sourceTree = "<group>"; };
		24E26FBF27BC73C400A03248 /* Diary.swift */ = {isa = PBXFileReference; lastKnownFileType = sourcecode.swift; path = Diary.swift; sourceTree = "<group>"; };
		24E26FC127BC94A600A03248 /* Date+Extension.swift */ = {isa = PBXFileReference; lastKnownFileType = sourcecode.swift; path = "Date+Extension.swift"; sourceTree = "<group>"; };
/* End PBXFileReference section */

/* Begin PBXFrameworksBuildPhase section */
		242F6C8E27BB8BA800B28743 /* Frameworks */ = {
			isa = PBXFrameworksBuildPhase;
			buildActionMask = 2147483647;
			files = (
			);
			runOnlyForDeploymentPostprocessing = 0;
		};
/* End PBXFrameworksBuildPhase section */

/* Begin PBXGroup section */
		242F6C8827BB8BA800B28743 = {
			isa = PBXGroup;
			children = (
				242F6C9327BB8BA800B28743 /* Diary */,
				242F6C9227BB8BA800B28743 /* Products */,
			);
			sourceTree = "<group>";
		};
		242F6C9227BB8BA800B28743 /* Products */ = {
			isa = PBXGroup;
			children = (
				242F6C9127BB8BA800B28743 /* Diary.app */,
			);
			name = Products;
			sourceTree = "<group>";
		};
		242F6C9327BB8BA800B28743 /* Diary */ = {
			isa = PBXGroup;
			children = (
				24E26FC327BC94E700A03248 /* ViewControllers */,
				242F6C9427BB8BA800B28743 /* AppDelegate.swift */,
				242F6C9627BB8BA800B28743 /* SceneDelegate.swift */,
				242F6C9D27BB8BAA00B28743 /* Assets.xcassets */,
				242F6C9F27BB8BAA00B28743 /* LaunchScreen.storyboard */,
				242F6CA227BB8BAA00B28743 /* Info.plist */,
				242F6C9A27BB8BA800B28743 /* Main.storyboard */,
				242F6CA827BB922700B28743 /* DiaryCell.swift */,
				242F6CAC27BB934F00B28743 /* StarCell.swift */,
				24E26FBF27BC73C400A03248 /* Diary.swift */,
				24E26FC127BC94A600A03248 /* Date+Extension.swift */,
			);
			path = Diary;
			sourceTree = "<group>";
		};
		24E26FC327BC94E700A03248 /* ViewControllers */ = {
			isa = PBXGroup;
			children = (
				242F6CAA27BB925E00B28743 /* StarViewController.swift */,
				242F6CAE27BB948F00B28743 /* WriteDiaryViewController.swift */,
				242F6CB027BB94CF00B28743 /* DiaryDetailViewController.swift */,
				242F6C9827BB8BA800B28743 /* ViewController.swift */,
			);
			path = ViewControllers;
			sourceTree = "<group>";
		};
/* End PBXGroup section */

/* Begin PBXNativeTarget section */
		242F6C9027BB8BA800B28743 /* Diary */ = {
			isa = PBXNativeTarget;
			buildConfigurationList = 242F6CA527BB8BAA00B28743 /* Build configuration list for PBXNativeTarget "Diary" */;
			buildPhases = (
				242F6C8D27BB8BA800B28743 /* Sources */,
				242F6C8E27BB8BA800B28743 /* Frameworks */,
				242F6C8F27BB8BA800B28743 /* Resources */,
			);
			buildRules = (
			);
			dependencies = (
			);
			name = Diary;
			productName = Diary;
			productReference = 242F6C9127BB8BA800B28743 /* Diary.app */;
			productType = "com.apple.product-type.application";
		};
/* End PBXNativeTarget section */

/* Begin PBXProject section */
		242F6C8927BB8BA800B28743 /* Project object */ = {
			isa = PBXProject;
			attributes = {
				BuildIndependentTargetsInParallel = 1;
				LastSwiftUpdateCheck = 1320;
				LastUpgradeCheck = 1320;
				TargetAttributes = {
					242F6C9027BB8BA800B28743 = {
						CreatedOnToolsVersion = 13.2.1;
					};
				};
			};
			buildConfigurationList = 242F6C8C27BB8BA800B28743 /* Build configuration list for PBXProject "Diary" */;
			compatibilityVersion = "Xcode 13.0";
			developmentRegion = en;
			hasScannedForEncodings = 0;
			knownRegions = (
				en,
				Base,
			);
			mainGroup = 242F6C8827BB8BA800B28743;
			productRefGroup = 242F6C9227BB8BA800B28743 /* Products */;
			projectDirPath = "";
			projectRoot = "";
			targets = (
				242F6C9027BB8BA800B28743 /* Diary */,
			);
		};
/* End PBXProject section */

/* Begin PBXResourcesBuildPhase section */
		242F6C8F27BB8BA800B28743 /* Resources */ = {
			isa = PBXResourcesBuildPhase;
			buildActionMask = 2147483647;
			files = (
				242F6CA127BB8BAA00B28743 /* LaunchScreen.storyboard in Resources */,
				242F6C9E27BB8BAA00B28743 /* Assets.xcassets in Resources */,
				242F6C9C27BB8BA800B28743 /* Main.storyboard in Resources */,
			);
			runOnlyForDeploymentPostprocessing = 0;
		};
/* End PBXResourcesBuildPhase section */

/* Begin PBXSourcesBuildPhase section */
		242F6C8D27BB8BA800B28743 /* Sources */ = {
			isa = PBXSourcesBuildPhase;
			buildActionMask = 2147483647;
			files = (
				242F6C9927BB8BA800B28743 /* ViewController.swift in Sources */,
				242F6CAF27BB948F00B28743 /* WriteDiaryViewController.swift in Sources */,
				242F6CAD27BB934F00B28743 /* StarCell.swift in Sources */,
				242F6C9527BB8BA800B28743 /* AppDelegate.swift in Sources */,
				242F6C9727BB8BA800B28743 /* SceneDelegate.swift in Sources */,
				24E26FC027BC73C400A03248 /* Diary.swift in Sources */,
				242F6CB127BB94CF00B28743 /* DiaryDetailViewController.swift in Sources */,
				242F6CA927BB922700B28743 /* DiaryCell.swift in Sources */,
				24E26FC227BC94A600A03248 /* Date+Extension.swift in Sources */,
				242F6CAB27BB925E00B28743 /* StarViewController.swift in Sources */,
			);
			runOnlyForDeploymentPostprocessing = 0;
		};
/* End PBXSourcesBuildPhase section */

/* Begin PBXVariantGroup section */
		242F6C9A27BB8BA800B28743 /* Main.storyboard */ = {
			isa = PBXVariantGroup;
			children = (
				242F6C9B27BB8BA800B28743 /* Base */,
			);
			name = Main.storyboard;
			sourceTree = "<group>";
		};
		242F6C9F27BB8BAA00B28743 /* LaunchScreen.storyboard */ = {
			isa = PBXVariantGroup;
			children = (
				242F6CA027BB8BAA00B28743 /* Base */,
			);
			name = LaunchScreen.storyboard;
			sourceTree = "<group>";
		};
/* End PBXVariantGroup section */

/* Begin XCBuildConfiguration section */
		242F6CA327BB8BAA00B28743 /* Debug */ = {
			isa = XCBuildConfiguration;
			buildSettings = {
				ALWAYS_SEARCH_USER_PATHS = NO;
				CLANG_ANALYZER_NONNULL = YES;
				CLANG_ANALYZER_NUMBER_OBJECT_CONVERSION = YES_AGGRESSIVE;
				CLANG_CXX_LANGUAGE_STANDARD = "gnu++17";
				CLANG_CXX_LIBRARY = "libc++";
				CLANG_ENABLE_MODULES = YES;
				CLANG_ENABLE_OBJC_ARC = YES;
				CLANG_ENABLE_OBJC_WEAK = YES;
				CLANG_WARN_BLOCK_CAPTURE_AUTORELEASING = YES;
				CLANG_WARN_BOOL_CONVERSION = YES;
				CLANG_WARN_COMMA = YES;
				CLANG_WARN_CONSTANT_CONVERSION = YES;
				CLANG_WARN_DEPRECATED_OBJC_IMPLEMENTATIONS = YES;
				CLANG_WARN_DIRECT_OBJC_ISA_USAGE = YES_ERROR;
				CLANG_WARN_DOCUMENTATION_COMMENTS = YES;
				CLANG_WARN_EMPTY_BODY = YES;
				CLANG_WARN_ENUM_CONVERSION = YES;
				CLANG_WARN_INFINITE_RECURSION = YES;
				CLANG_WARN_INT_CONVERSION = YES;
				CLANG_WARN_NON_LITERAL_NULL_CONVERSION = YES;
				CLANG_WARN_OBJC_IMPLICIT_RETAIN_SELF = YES;
				CLANG_WARN_OBJC_LITERAL_CONVERSION = YES;
				CLANG_WARN_OBJC_ROOT_CLASS = YES_ERROR;
				CLANG_WARN_QUOTED_INCLUDE_IN_FRAMEWORK_HEADER = YES;
				CLANG_WARN_RANGE_LOOP_ANALYSIS = YES;
				CLANG_WARN_STRICT_PROTOTYPES = YES;
				CLANG_WARN_SUSPICIOUS_MOVE = YES;
				CLANG_WARN_UNGUARDED_AVAILABILITY = YES_AGGRESSIVE;
				CLANG_WARN_UNREACHABLE_CODE = YES;
				CLANG_WARN__DUPLICATE_METHOD_MATCH = YES;
				COPY_PHASE_STRIP = NO;
				DEBUG_INFORMATION_FORMAT = dwarf;
				ENABLE_STRICT_OBJC_MSGSEND = YES;
				ENABLE_TESTABILITY = YES;
				GCC_C_LANGUAGE_STANDARD = gnu11;
				GCC_DYNAMIC_NO_PIC = NO;
				GCC_NO_COMMON_BLOCKS = YES;
				GCC_OPTIMIZATION_LEVEL = 0;
				GCC_PREPROCESSOR_DEFINITIONS = (
					"DEBUG=1",
					"$(inherited)",
				);
				GCC_WARN_64_TO_32_BIT_CONVERSION = YES;
				GCC_WARN_ABOUT_RETURN_TYPE = YES_ERROR;
				GCC_WARN_UNDECLARED_SELECTOR = YES;
				GCC_WARN_UNINITIALIZED_AUTOS = YES_AGGRESSIVE;
				GCC_WARN_UNUSED_FUNCTION = YES;
				GCC_WARN_UNUSED_VARIABLE = YES;
				IPHONEOS_DEPLOYMENT_TARGET = 15.2;
				MTL_ENABLE_DEBUG_INFO = INCLUDE_SOURCE;
				MTL_FAST_MATH = YES;
				ONLY_ACTIVE_ARCH = YES;
				SDKROOT = iphoneos;
				SWIFT_ACTIVE_COMPILATION_CONDITIONS = DEBUG;
				SWIFT_OPTIMIZATION_LEVEL = "-Onone";
			};
			name = Debug;
		};
		242F6CA427BB8BAA00B28743 /* Release */ = {
			isa = XCBuildConfiguration;
			buildSettings = {
				ALWAYS_SEARCH_USER_PATHS = NO;
				CLANG_ANALYZER_NONNULL = YES;
				CLANG_ANALYZER_NUMBER_OBJECT_CONVERSION = YES_AGGRESSIVE;
				CLANG_CXX_LANGUAGE_STANDARD = "gnu++17";
				CLANG_CXX_LIBRARY = "libc++";
				CLANG_ENABLE_MODULES = YES;
				CLANG_ENABLE_OBJC_ARC = YES;
				CLANG_ENABLE_OBJC_WEAK = YES;
				CLANG_WARN_BLOCK_CAPTURE_AUTORELEASING = YES;
				CLANG_WARN_BOOL_CONVERSION = YES;
				CLANG_WARN_COMMA = YES;
				CLANG_WARN_CONSTANT_CONVERSION = YES;
				CLANG_WARN_DEPRECATED_OBJC_IMPLEMENTATIONS = YES;
				CLANG_WARN_DIRECT_OBJC_ISA_USAGE = YES_ERROR;
				CLANG_WARN_DOCUMENTATION_COMMENTS = YES;
				CLANG_WARN_EMPTY_BODY = YES;
				CLANG_WARN_ENUM_CONVERSION = YES;
				CLANG_WARN_INFINITE_RECURSION = YES;
				CLANG_WARN_INT_CONVERSION = YES;
				CLANG_WARN_NON_LITERAL_NULL_CONVERSION = YES;
				CLANG_WARN_OBJC_IMPLICIT_RETAIN_SELF = YES;
				CLANG_WARN_OBJC_LITERAL_CONVERSION = YES;
				CLANG_WARN_OBJC_ROOT_CLASS = YES_ERROR;
				CLANG_WARN_QUOTED_INCLUDE_IN_FRAMEWORK_HEADER = YES;
				CLANG_WARN_RANGE_LOOP_ANALYSIS = YES;
				CLANG_WARN_STRICT_PROTOTYPES = YES;
				CLANG_WARN_SUSPICIOUS_MOVE = YES;
				CLANG_WARN_UNGUARDED_AVAILABILITY = YES_AGGRESSIVE;
				CLANG_WARN_UNREACHABLE_CODE = YES;
				CLANG_WARN__DUPLICATE_METHOD_MATCH = YES;
				COPY_PHASE_STRIP = NO;
				DEBUG_INFORMATION_FORMAT = "dwarf-with-dsym";
				ENABLE_NS_ASSERTIONS = NO;
				ENABLE_STRICT_OBJC_MSGSEND = YES;
				GCC_C_LANGUAGE_STANDARD = gnu11;
				GCC_NO_COMMON_BLOCKS = YES;
				GCC_WARN_64_TO_32_BIT_CONVERSION = YES;
				GCC_WARN_ABOUT_RETURN_TYPE = YES_ERROR;
				GCC_WARN_UNDECLARED_SELECTOR = YES;
				GCC_WARN_UNINITIALIZED_AUTOS = YES_AGGRESSIVE;
				GCC_WARN_UNUSED_FUNCTION = YES;
				GCC_WARN_UNUSED_VARIABLE = YES;
				IPHONEOS_DEPLOYMENT_TARGET = 15.2;
				MTL_ENABLE_DEBUG_INFO = NO;
				MTL_FAST_MATH = YES;
				SDKROOT = iphoneos;
				SWIFT_COMPILATION_MODE = wholemodule;
				SWIFT_OPTIMIZATION_LEVEL = "-O";
				VALIDATE_PRODUCT = YES;
			};
			name = Release;
		};
		242F6CA627BB8BAA00B28743 /* Debug */ = {
			isa = XCBuildConfiguration;
			buildSettings = {
				ASSETCATALOG_COMPILER_APPICON_NAME = AppIcon;
				ASSETCATALOG_COMPILER_GLOBAL_ACCENT_COLOR_NAME = AccentColor;
				CODE_SIGN_STYLE = Automatic;
				CURRENT_PROJECT_VERSION = 1;
				DEVELOPMENT_TEAM = HF833JV2AF;
				GENERATE_INFOPLIST_FILE = YES;
				INFOPLIST_FILE = Diary/Info.plist;
				INFOPLIST_KEY_UIApplicationSupportsIndirectInputEvents = YES;
				INFOPLIST_KEY_UILaunchStoryboardName = LaunchScreen;
				INFOPLIST_KEY_UIMainStoryboardFile = Main;
				INFOPLIST_KEY_UISupportedInterfaceOrientations_iPad = "UIInterfaceOrientationPortrait UIInterfaceOrientationPortraitUpsideDown UIInterfaceOrientationLandscapeLeft UIInterfaceOrientationLandscapeRight";
				INFOPLIST_KEY_UISupportedInterfaceOrientations_iPhone = "UIInterfaceOrientationPortrait UIInterfaceOrientationLandscapeLeft UIInterfaceOrientationLandscapeRight";
				LD_RUNPATH_SEARCH_PATHS = (
					"$(inherited)",
					"@executable_path/Frameworks",
				);
				MARKETING_VERSION = 1.0;
				PRODUCT_BUNDLE_IDENTIFIER = joon.Diary;
				PRODUCT_NAME = "$(TARGET_NAME)";
				SWIFT_EMIT_LOC_STRINGS = YES;
				SWIFT_VERSION = 5.0;
				TARGETED_DEVICE_FAMILY = "1,2";
			};
			name = Debug;
		};
		242F6CA727BB8BAA00B28743 /* Release */ = {
			isa = XCBuildConfiguration;
			buildSettings = {
				ASSETCATALOG_COMPILER_APPICON_NAME = AppIcon;
				ASSETCATALOG_COMPILER_GLOBAL_ACCENT_COLOR_NAME = AccentColor;
				CODE_SIGN_STYLE = Automatic;
				CURRENT_PROJECT_VERSION = 1;
				DEVELOPMENT_TEAM = HF833JV2AF;
				GENERATE_INFOPLIST_FILE = YES;
				INFOPLIST_FILE = Diary/Info.plist;
				INFOPLIST_KEY_UIApplicationSupportsIndirectInputEvents = YES;
				INFOPLIST_KEY_UILaunchStoryboardName = LaunchScreen;
				INFOPLIST_KEY_UIMainStoryboardFile = Main;
				INFOPLIST_KEY_UISupportedInterfaceOrientations_iPad = "UIInterfaceOrientationPortrait UIInterfaceOrientationPortraitUpsideDown UIInterfaceOrientationLandscapeLeft UIInterfaceOrientationLandscapeRight";
				INFOPLIST_KEY_UISupportedInterfaceOrientations_iPhone = "UIInterfaceOrientationPortrait UIInterfaceOrientationLandscapeLeft UIInterfaceOrientationLandscapeRight";
				LD_RUNPATH_SEARCH_PATHS = (
					"$(inherited)",
					"@executable_path/Frameworks",
				);
				MARKETING_VERSION = 1.0;
				PRODUCT_BUNDLE_IDENTIFIER = joon.Diary;
				PRODUCT_NAME = "$(TARGET_NAME)";
				SWIFT_EMIT_LOC_STRINGS = YES;
				SWIFT_VERSION = 5.0;
				TARGETED_DEVICE_FAMILY = "1,2";
			};
			name = Release;
		};
/* End XCBuildConfiguration section */

/* Begin XCConfigurationList section */
		242F6C8C27BB8BA800B28743 /* Build configuration list for PBXProject "Diary" */ = {
			isa = XCConfigurationList;
			buildConfigurations = (
				242F6CA327BB8BAA00B28743 /* Debug */,
				242F6CA427BB8BAA00B28743 /* Release */,
			);
			defaultConfigurationIsVisible = 0;
			defaultConfigurationName = Release;
		};
		242F6CA527BB8BAA00B28743 /* Build configuration list for PBXNativeTarget "Diary" */ = {
			isa = XCConfigurationList;
			buildConfigurations = (
				242F6CA627BB8BAA00B28743 /* Debug */,
				242F6CA727BB8BAA00B28743 /* Release */,
			);
			defaultConfigurationIsVisible = 0;
			defaultConfigurationName = Release;
		};
/* End XCConfigurationList section */
	};
	rootObject = 242F6C8927BB8BA800B28743 /* Project object */;
}
