// !$*UTF8*$!
{
	archiveVersion = 1;
	classes = {
	};
	objectVersion = 55;
	objects = {

/* Begin PBXBuildFile section */
		16AB64217A1233D5247C4D64 /* Pods_Warning.framework in Frameworks */ = {isa = PBXBuildFile; fileRef = 28FD74800EA5421433335ADC /* Pods_Warning.framework */; };
		249FA16227ED8C19008FE588 /* AppDelegate.swift in Sources */ = {isa = PBXBuildFile; fileRef = 249FA16127ED8C19008FE588 /* AppDelegate.swift */; };
		249FA16427ED8C19008FE588 /* SceneDelegate.swift in Sources */ = {isa = PBXBuildFile; fileRef = 249FA16327ED8C19008FE588 /* SceneDelegate.swift */; };
		249FA16627ED8C19008FE588 /* ViewController.swift in Sources */ = {isa = PBXBuildFile; fileRef = 249FA16527ED8C19008FE588 /* ViewController.swift */; };
		249FA16927ED8C19008FE588 /* Main.storyboard in Resources */ = {isa = PBXBuildFile; fileRef = 249FA16727ED8C19008FE588 /* Main.storyboard */; };
		249FA16B27ED8C1C008FE588 /* Assets.xcassets in Resources */ = {isa = PBXBuildFile; fileRef = 249FA16A27ED8C1C008FE588 /* Assets.xcassets */; };
		249FA16E27ED8C1C008FE588 /* LaunchScreen.storyboard in Resources */ = {isa = PBXBuildFile; fileRef = 249FA16C27ED8C1C008FE588 /* LaunchScreen.storyboard */; };
		249FA17627ED8C99008FE588 /* GoogleService-Info.plist in Resources */ = {isa = PBXBuildFile; fileRef = 249FA17527ED8C99008FE588 /* GoogleService-Info.plist */; };
/* End PBXBuildFile section */

/* Begin PBXFileReference section */
		249FA15E27ED8C19008FE588 /* Warning.app */ = {isa = PBXFileReference; explicitFileType = wrapper.application; includeInIndex = 0; path = Warning.app; sourceTree = BUILT_PRODUCTS_DIR; };
		249FA16127ED8C19008FE588 /* AppDelegate.swift */ = {isa = PBXFileReference; lastKnownFileType = sourcecode.swift; path = AppDelegate.swift; sourceTree = "<group>"; };
		249FA16327ED8C19008FE588 /* SceneDelegate.swift */ = {isa = PBXFileReference; lastKnownFileType = sourcecode.swift; path = SceneDelegate.swift; sourceTree = "<group>"; };
		249FA16527ED8C19008FE588 /* ViewController.swift */ = {isa = PBXFileReference; lastKnownFileType = sourcecode.swift; path = ViewController.swift; sourceTree = "<group>"; };
		249FA16827ED8C19008FE588 /* Base */ = {isa = PBXFileReference; lastKnownFileType = file.storyboard; name = Base; path = Base.lproj/Main.storyboard; sourceTree = "<group>"; };
		249FA16A27ED8C1C008FE588 /* Assets.xcassets */ = {isa = PBXFileReference; lastKnownFileType = folder.assetcatalog; path = Assets.xcassets; sourceTree = "<group>"; };
		249FA16D27ED8C1C008FE588 /* Base */ = {isa = PBXFileReference; lastKnownFileType = file.storyboard; name = Base; path = Base.lproj/LaunchScreen.storyboard; sourceTree = "<group>"; };
		249FA16F27ED8C1C008FE588 /* Info.plist */ = {isa = PBXFileReference; lastKnownFileType = text.plist.xml; path = Info.plist; sourceTree = "<group>"; };
		249FA17527ED8C99008FE588 /* GoogleService-Info.plist */ = {isa = PBXFileReference; fileEncoding = 4; lastKnownFileType = text.plist.xml; path = "GoogleService-Info.plist"; sourceTree = "<group>"; };
		249FA17727ED8D4D008FE588 /* Warning.entitlements */ = {isa = PBXFileReference; lastKnownFileType = text.plist.entitlements; path = Warning.entitlements; sourceTree = "<group>"; };
		28FD74800EA5421433335ADC /* Pods_Warning.framework */ = {isa = PBXFileReference; explicitFileType = wrapper.framework; includeInIndex = 0; path = Pods_Warning.framework; sourceTree = BUILT_PRODUCTS_DIR; };
		CF5C71FB06071C287DE31DD7 /* Pods-Warning.release.xcconfig */ = {isa = PBXFileReference; includeInIndex = 1; lastKnownFileType = text.xcconfig; name = "Pods-Warning.release.xcconfig"; path = "Target Support Files/Pods-Warning/Pods-Warning.release.xcconfig"; sourceTree = "<group>"; };
		E2A1E885A91E46AFFDE1D5D8 /* Pods-Warning.debug.xcconfig */ = {isa = PBXFileReference; includeInIndex = 1; lastKnownFileType = text.xcconfig; name = "Pods-Warning.debug.xcconfig"; path = "Target Support Files/Pods-Warning/Pods-Warning.debug.xcconfig"; sourceTree = "<group>"; };
/* End PBXFileReference section */

/* Begin PBXFrameworksBuildPhase section */
		249FA15B27ED8C19008FE588 /* Frameworks */ = {
			isa = PBXFrameworksBuildPhase;
			buildActionMask = 2147483647;
			files = (
				16AB64217A1233D5247C4D64 /* Pods_Warning.framework in Frameworks */,
			);
			runOnlyForDeploymentPostprocessing = 0;
		};
/* End PBXFrameworksBuildPhase section */

/* Begin PBXGroup section */
		0FF25FC42D0D7FE75C386711 /* Frameworks */ = {
			isa = PBXGroup;
			children = (
				28FD74800EA5421433335ADC /* Pods_Warning.framework */,
			);
			name = Frameworks;
			sourceTree = "<group>";
		};
		249FA15527ED8C19008FE588 = {
			isa = PBXGroup;
			children = (
				249FA16027ED8C19008FE588 /* Warning */,
				249FA15F27ED8C19008FE588 /* Products */,
				EF4458F214A8500E2F21FD27 /* Pods */,
				0FF25FC42D0D7FE75C386711 /* Frameworks */,
			);
			sourceTree = "<group>";
		};
		249FA15F27ED8C19008FE588 /* Products */ = {
			isa = PBXGroup;
			children = (
				249FA15E27ED8C19008FE588 /* Warning.app */,
			);
			name = Products;
			sourceTree = "<group>";
		};
		249FA16027ED8C19008FE588 /* Warning */ = {
			isa = PBXGroup;
			children = (
				249FA17727ED8D4D008FE588 /* Warning.entitlements */,
				249FA16127ED8C19008FE588 /* AppDelegate.swift */,
				249FA16327ED8C19008FE588 /* SceneDelegate.swift */,
				249FA16527ED8C19008FE588 /* ViewController.swift */,
				249FA16727ED8C19008FE588 /* Main.storyboard */,
				249FA16A27ED8C1C008FE588 /* Assets.xcassets */,
				249FA16C27ED8C1C008FE588 /* LaunchScreen.storyboard */,
				249FA16F27ED8C1C008FE588 /* Info.plist */,
				249FA17527ED8C99008FE588 /* GoogleService-Info.plist */,
			);
			path = Warning;
			sourceTree = "<group>";
		};
		EF4458F214A8500E2F21FD27 /* Pods */ = {
			isa = PBXGroup;
			children = (
				E2A1E885A91E46AFFDE1D5D8 /* Pods-Warning.debug.xcconfig */,
				CF5C71FB06071C287DE31DD7 /* Pods-Warning.release.xcconfig */,
			);
			path = Pods;
			sourceTree = "<group>";
		};
/* End PBXGroup section */

/* Begin PBXNativeTarget section */
		249FA15D27ED8C19008FE588 /* Warning */ = {
			isa = PBXNativeTarget;
			buildConfigurationList = 249FA17227ED8C1C008FE588 /* Build configuration list for PBXNativeTarget "Warning" */;
			buildPhases = (
				CD828E5C154357D90DCBC962 /* [CP] Check Pods Manifest.lock */,
				249FA15A27ED8C19008FE588 /* Sources */,
				249FA15B27ED8C19008FE588 /* Frameworks */,
				249FA15C27ED8C19008FE588 /* Resources */,
				EB770547CFCD53892AA2A353 /* [CP] Embed Pods Frameworks */,
			);
			buildRules = (
			);
			dependencies = (
			);
			name = Warning;
			productName = Warning;
			productReference = 249FA15E27ED8C19008FE588 /* Warning.app */;
			productType = "com.apple.product-type.application";
		};
/* End PBXNativeTarget section */

/* Begin PBXProject section */
		249FA15627ED8C19008FE588 /* Project object */ = {
			isa = PBXProject;
			attributes = {
				BuildIndependentTargetsInParallel = 1;
				LastSwiftUpdateCheck = 1330;
				LastUpgradeCheck = 1330;
				TargetAttributes = {
					249FA15D27ED8C19008FE588 = {
						CreatedOnToolsVersion = 13.3;
					};
				};
			};
			buildConfigurationList = 249FA15927ED8C19008FE588 /* Build configuration list for PBXProject "Warning" */;
			compatibilityVersion = "Xcode 13.0";
			developmentRegion = en;
			hasScannedForEncodings = 0;
			knownRegions = (
				en,
				Base,
			);
			mainGroup = 249FA15527ED8C19008FE588;
			productRefGroup = 249FA15F27ED8C19008FE588 /* Products */;
			projectDirPath = "";
			projectRoot = "";
			targets = (
				249FA15D27ED8C19008FE588 /* Warning */,
			);
		};
/* End PBXProject section */

/* Begin PBXResourcesBuildPhase section */
		249FA15C27ED8C19008FE588 /* Resources */ = {
			isa = PBXResourcesBuildPhase;
			buildActionMask = 2147483647;
			files = (
				249FA16E27ED8C1C008FE588 /* LaunchScreen.storyboard in Resources */,
				249FA17627ED8C99008FE588 /* GoogleService-Info.plist in Resources */,
				249FA16B27ED8C1C008FE588 /* Assets.xcassets in Resources */,
				249FA16927ED8C19008FE588 /* Main.storyboard in Resources */,
			);
			runOnlyForDeploymentPostprocessing = 0;
		};
/* End PBXResourcesBuildPhase section */

/* Begin PBXShellScriptBuildPhase section */
		CD828E5C154357D90DCBC962 /* [CP] Check Pods Manifest.lock */ = {
			isa = PBXShellScriptBuildPhase;
			buildActionMask = 2147483647;
			files = (
			);
			inputFileListPaths = (
			);
			inputPaths = (
				"${PODS_PODFILE_DIR_PATH}/Podfile.lock",
				"${PODS_ROOT}/Manifest.lock",
			);
			name = "[CP] Check Pods Manifest.lock";
			outputFileListPaths = (
			);
			outputPaths = (
				"$(DERIVED_FILE_DIR)/Pods-Warning-checkManifestLockResult.txt",
			);
			runOnlyForDeploymentPostprocessing = 0;
			shellPath = /bin/sh;
			shellScript = "diff \"${PODS_PODFILE_DIR_PATH}/Podfile.lock\" \"${PODS_ROOT}/Manifest.lock\" > /dev/null\nif [ $? != 0 ] ; then\n    # print error to STDERR\n    echo \"error: The sandbox is not in sync with the Podfile.lock. Run 'pod install' or update your CocoaPods installation.\" >&2\n    exit 1\nfi\n# This output is used by Xcode 'outputs' to avoid re-running this script phase.\necho \"SUCCESS\" > \"${SCRIPT_OUTPUT_FILE_0}\"\n";
			showEnvVarsInLog = 0;
		};
		EB770547CFCD53892AA2A353 /* [CP] Embed Pods Frameworks */ = {
			isa = PBXShellScriptBuildPhase;
			buildActionMask = 2147483647;
			files = (
			);
			inputFileListPaths = (
				"${PODS_ROOT}/Target Support Files/Pods-Warning/Pods-Warning-frameworks-${CONFIGURATION}-input-files.xcfilelist",
			);
			name = "[CP] Embed Pods Frameworks";
			outputFileListPaths = (
				"${PODS_ROOT}/Target Support Files/Pods-Warning/Pods-Warning-frameworks-${CONFIGURATION}-output-files.xcfilelist",
			);
			runOnlyForDeploymentPostprocessing = 0;
			shellPath = /bin/sh;
			shellScript = "\"${PODS_ROOT}/Target Support Files/Pods-Warning/Pods-Warning-frameworks.sh\"\n";
			showEnvVarsInLog = 0;
		};
/* End PBXShellScriptBuildPhase section */

/* Begin PBXSourcesBuildPhase section */
		249FA15A27ED8C19008FE588 /* Sources */ = {
			isa = PBXSourcesBuildPhase;
			buildActionMask = 2147483647;
			files = (
				249FA16627ED8C19008FE588 /* ViewController.swift in Sources */,
				249FA16227ED8C19008FE588 /* AppDelegate.swift in Sources */,
				249FA16427ED8C19008FE588 /* SceneDelegate.swift in Sources */,
			);
			runOnlyForDeploymentPostprocessing = 0;
		};
/* End PBXSourcesBuildPhase section */

/* Begin PBXVariantGroup section */
		249FA16727ED8C19008FE588 /* Main.storyboard */ = {
			isa = PBXVariantGroup;
			children = (
				249FA16827ED8C19008FE588 /* Base */,
			);
			name = Main.storyboard;
			sourceTree = "<group>";
		};
		249FA16C27ED8C1C008FE588 /* LaunchScreen.storyboard */ = {
			isa = PBXVariantGroup;
			children = (
				249FA16D27ED8C1C008FE588 /* Base */,
			);
			name = LaunchScreen.storyboard;
			sourceTree = "<group>";
		};
/* End PBXVariantGroup section */

/* Begin XCBuildConfiguration section */
		249FA17027ED8C1C008FE588 /* Debug */ = {
			isa = XCBuildConfiguration;
			buildSettings = {
				ALWAYS_SEARCH_USER_PATHS = NO;
				CLANG_ANALYZER_NONNULL = YES;
				CLANG_ANALYZER_NUMBER_OBJECT_CONVERSION = YES_AGGRESSIVE;
				CLANG_CXX_LANGUAGE_STANDARD = "gnu++17";
				CLANG_ENABLE_MODULES = YES;
				CLANG_ENABLE_OBJC_ARC = YES;
				CLANG_ENABLE_OBJC_WEAK = YES;
				CLANG_WARN_BLOCK_CAPTURE_AUTORELEASING = YES;
				CLANG_WARN_BOOL_CONVERSION = YES;
				CLANG_WARN_COMMA = YES;
				CLANG_WARN_CONSTANT_CONVERSION = YES;
				CLANG_WARN_DEPRECATED_OBJC_IMPLEMENTATIONS = YES;
				CLANG_WARN_DIRECT_OBJC_ISA_USAGE = YES_ERROR;
				CLANG_WARN_DOCUMENTATION_COMMENTS = YES;
				CLANG_WARN_EMPTY_BODY = YES;
				CLANG_WARN_ENUM_CONVERSION = YES;
				CLANG_WARN_INFINITE_RECURSION = YES;
				CLANG_WARN_INT_CONVERSION = YES;
				CLANG_WARN_NON_LITERAL_NULL_CONVERSION = YES;
				CLANG_WARN_OBJC_IMPLICIT_RETAIN_SELF = YES;
				CLANG_WARN_OBJC_LITERAL_CONVERSION = YES;
				CLANG_WARN_OBJC_ROOT_CLASS = YES_ERROR;
				CLANG_WARN_QUOTED_INCLUDE_IN_FRAMEWORK_HEADER = YES;
				CLANG_WARN_RANGE_LOOP_ANALYSIS = YES;
				CLANG_WARN_STRICT_PROTOTYPES = YES;
				CLANG_WARN_SUSPICIOUS_MOVE = YES;
				CLANG_WARN_UNGUARDED_AVAILABILITY = YES_AGGRESSIVE;
				CLANG_WARN_UNREACHABLE_CODE = YES;
				CLANG_WARN__DUPLICATE_METHOD_MATCH = YES;
				COPY_PHASE_STRIP = NO;
				DEBUG_INFORMATION_FORMAT = dwarf;
				ENABLE_STRICT_OBJC_MSGSEND = YES;
				ENABLE_TESTABILITY = YES;
				GCC_C_LANGUAGE_STANDARD = gnu11;
				GCC_DYNAMIC_NO_PIC = NO;
				GCC_NO_COMMON_BLOCKS = YES;
				GCC_OPTIMIZATION_LEVEL = 0;
				GCC_PREPROCESSOR_DEFINITIONS = (
					"DEBUG=1",
					"$(inherited)",
				);
				GCC_WARN_64_TO_32_BIT_CONVERSION = YES;
				GCC_WARN_ABOUT_RETURN_TYPE = YES_ERROR;
				GCC_WARN_UNDECLARED_SELECTOR = YES;
				GCC_WARN_UNINITIALIZED_AUTOS = YES_AGGRESSIVE;
				GCC_WARN_UNUSED_FUNCTION = YES;
				GCC_WARN_UNUSED_VARIABLE = YES;
				IPHONEOS_DEPLOYMENT_TARGET = 14.4;
				MTL_ENABLE_DEBUG_INFO = INCLUDE_SOURCE;
				MTL_FAST_MATH = YES;
				ONLY_ACTIVE_ARCH = YES;
				SDKROOT = iphoneos;
				SWIFT_ACTIVE_COMPILATION_CONDITIONS = DEBUG;
				SWIFT_OPTIMIZATION_LEVEL = "-Onone";
			};
			name = Debug;
		};
		249FA17127ED8C1C008FE588 /* Release */ = {
			isa = XCBuildConfiguration;
			buildSettings = {
				ALWAYS_SEARCH_USER_PATHS = NO;
				CLANG_ANALYZER_NONNULL = YES;
				CLANG_ANALYZER_NUMBER_OBJECT_CONVERSION = YES_AGGRESSIVE;
				CLANG_CXX_LANGUAGE_STANDARD = "gnu++17";
				CLANG_ENABLE_MODULES = YES;
				CLANG_ENABLE_OBJC_ARC = YES;
				CLANG_ENABLE_OBJC_WEAK = YES;
				CLANG_WARN_BLOCK_CAPTURE_AUTORELEASING = YES;
				CLANG_WARN_BOOL_CONVERSION = YES;
				CLANG_WARN_COMMA = YES;
				CLANG_WARN_CONSTANT_CONVERSION = YES;
				CLANG_WARN_DEPRECATED_OBJC_IMPLEMENTATIONS = YES;
				CLANG_WARN_DIRECT_OBJC_ISA_USAGE = YES_ERROR;
				CLANG_WARN_DOCUMENTATION_COMMENTS = YES;
				CLANG_WARN_EMPTY_BODY = YES;
				CLANG_WARN_ENUM_CONVERSION = YES;
				CLANG_WARN_INFINITE_RECURSION = YES;
				CLANG_WARN_INT_CONVERSION = YES;
				CLANG_WARN_NON_LITERAL_NULL_CONVERSION = YES;
				CLANG_WARN_OBJC_IMPLICIT_RETAIN_SELF = YES;
				CLANG_WARN_OBJC_LITERAL_CONVERSION = YES;
				CLANG_WARN_OBJC_ROOT_CLASS = YES_ERROR;
				CLANG_WARN_QUOTED_INCLUDE_IN_FRAMEWORK_HEADER = YES;
				CLANG_WARN_RANGE_LOOP_ANALYSIS = YES;
				CLANG_WARN_STRICT_PROTOTYPES = YES;
				CLANG_WARN_SUSPICIOUS_MOVE = YES;
				CLANG_WARN_UNGUARDED_AVAILABILITY = YES_AGGRESSIVE;
				CLANG_WARN_UNREACHABLE_CODE = YES;
				CLANG_WARN__DUPLICATE_METHOD_MATCH = YES;
				COPY_PHASE_STRIP = NO;
				DEBUG_INFORMATION_FORMAT = "dwarf-with-dsym";
				ENABLE_NS_ASSERTIONS = NO;
				ENABLE_STRICT_OBJC_MSGSEND = YES;
				GCC_C_LANGUAGE_STANDARD = gnu11;
				GCC_NO_COMMON_BLOCKS = YES;
				GCC_WARN_64_TO_32_BIT_CONVERSION = YES;
				GCC_WARN_ABOUT_RETURN_TYPE = YES_ERROR;
				GCC_WARN_UNDECLARED_SELECTOR = YES;
				GCC_WARN_UNINITIALIZED_AUTOS = YES_AGGRESSIVE;
				GCC_WARN_UNUSED_FUNCTION = YES;
				GCC_WARN_UNUSED_VARIABLE = YES;
				IPHONEOS_DEPLOYMENT_TARGET = 14.4;
				MTL_ENABLE_DEBUG_INFO = NO;
				MTL_FAST_MATH = YES;
				SDKROOT = iphoneos;
				SWIFT_COMPILATION_MODE = wholemodule;
				SWIFT_OPTIMIZATION_LEVEL = "-O";
				VALIDATE_PRODUCT = YES;
			};
			name = Release;
		};
		249FA17327ED8C1C008FE588 /* Debug */ = {
			isa = XCBuildConfiguration;
			baseConfigurationReference = E2A1E885A91E46AFFDE1D5D8 /* Pods-Warning.debug.xcconfig */;
			buildSettings = {
				ASSETCATALOG_COMPILER_APPICON_NAME = AppIcon;
				ASSETCATALOG_COMPILER_GLOBAL_ACCENT_COLOR_NAME = AccentColor;
				CODE_SIGN_ENTITLEMENTS = Warning/Warning.entitlements;
				CODE_SIGN_STYLE = Automatic;
				CURRENT_PROJECT_VERSION = 1;
				DEVELOPMENT_TEAM = HF833JV2AF;
				GENERATE_INFOPLIST_FILE = YES;
				INFOPLIST_FILE = Warning/Info.plist;
				INFOPLIST_KEY_UIApplicationSupportsIndirectInputEvents = YES;
				INFOPLIST_KEY_UILaunchStoryboardName = LaunchScreen;
				INFOPLIST_KEY_UIMainStoryboardFile = Main;
				INFOPLIST_KEY_UISupportedInterfaceOrientations_iPad = "UIInterfaceOrientationPortrait UIInterfaceOrientationPortraitUpsideDown UIInterfaceOrientationLandscapeLeft UIInterfaceOrientationLandscapeRight";
				INFOPLIST_KEY_UISupportedInterfaceOrientations_iPhone = "UIInterfaceOrientationPortrait UIInterfaceOrientationLandscapeLeft UIInterfaceOrientationLandscapeRight";
				LD_RUNPATH_SEARCH_PATHS = (
					"$(inherited)",
					"@executable_path/Frameworks",
				);
				MARKETING_VERSION = 1.0;
				PRODUCT_BUNDLE_IDENTIFIER = joon.Warning;
				PRODUCT_NAME = "$(TARGET_NAME)";
				SWIFT_EMIT_LOC_STRINGS = YES;
				SWIFT_VERSION = 5.0;
				TARGETED_DEVICE_FAMILY = "1,2";
			};
			name = Debug;
		};
		249FA17427ED8C1C008FE588 /* Release */ = {
			isa = XCBuildConfiguration;
			baseConfigurationReference = CF5C71FB06071C287DE31DD7 /* Pods-Warning.release.xcconfig */;
			buildSettings = {
				ASSETCATALOG_COMPILER_APPICON_NAME = AppIcon;
				ASSETCATALOG_COMPILER_GLOBAL_ACCENT_COLOR_NAME = AccentColor;
				CODE_SIGN_ENTITLEMENTS = Warning/Warning.entitlements;
				CODE_SIGN_STYLE = Automatic;
				CURRENT_PROJECT_VERSION = 1;
				DEVELOPMENT_TEAM = HF833JV2AF;
				GENERATE_INFOPLIST_FILE = YES;
				INFOPLIST_FILE = Warning/Info.plist;
				INFOPLIST_KEY_UIApplicationSupportsIndirectInputEvents = YES;
				INFOPLIST_KEY_UILaunchStoryboardName = LaunchScreen;
				INFOPLIST_KEY_UIMainStoryboardFile = Main;
				INFOPLIST_KEY_UISupportedInterfaceOrientations_iPad = "UIInterfaceOrientationPortrait UIInterfaceOrientationPortraitUpsideDown UIInterfaceOrientationLandscapeLeft UIInterfaceOrientationLandscapeRight";
				INFOPLIST_KEY_UISupportedInterfaceOrientations_iPhone = "UIInterfaceOrientationPortrait UIInterfaceOrientationLandscapeLeft UIInterfaceOrientationLandscapeRight";
				LD_RUNPATH_SEARCH_PATHS = (
					"$(inherited)",
					"@executable_path/Frameworks",
				);
				MARKETING_VERSION = 1.0;
				PRODUCT_BUNDLE_IDENTIFIER = joon.Warning;
				PRODUCT_NAME = "$(TARGET_NAME)";
				SWIFT_EMIT_LOC_STRINGS = YES;
				SWIFT_VERSION = 5.0;
				TARGETED_DEVICE_FAMILY = "1,2";
			};
			name = Release;
		};
/* End XCBuildConfiguration section */

/* Begin XCConfigurationList section */
		249FA15927ED8C19008FE588 /* Build configuration list for PBXProject "Warning" */ = {
			isa = XCConfigurationList;
			buildConfigurations = (
				249FA17027ED8C1C008FE588 /* Debug */,
				249FA17127ED8C1C008FE588 /* Release */,
			);
			defaultConfigurationIsVisible = 0;
			defaultConfigurationName = Release;
		};
		249FA17227ED8C1C008FE588 /* Build configuration list for PBXNativeTarget "Warning" */ = {
			isa = XCConfigurationList;
			buildConfigurations = (
				249FA17327ED8C1C008FE588 /* Debug */,
				249FA17427ED8C1C008FE588 /* Release */,
			);
			defaultConfigurationIsVisible = 0;
			defaultConfigurationName = Release;
		};
/* End XCConfigurationList section */
	};
	rootObject = 249FA15627ED8C19008FE588 /* Project object */;
}
